
Microsoft Visual Studio Solution File, Format Version 12.00
# Visual Studio Version 16
VisualStudioVersion = 16.0.31515.178
MinimumVisualStudioVersion = 10.0.40219.1
Project("{F184B08F-C81C-45F6-A57F-5ABD9991F28F}") = "ProfDeSTI2D", "ProfDeSTI2D\ProfDeSTI2D.vbproj", "{C68B41CF-8481-43F3-AAA6-6F8BF335ADF7}"
EndProject
Global
	GlobalSection(SolutionConfigurationPlatforms) = preSolution
		Debug|Any CPU = Debug|Any CPU
		Release|Any CPU = Release|Any CPU
	EndGlobalSection
	GlobalSection(ProjectConfigurationPlatforms) = postSolution
		{C68B41CF-8481-43F3-AAA6-6F8BF335ADF7}.Debug|Any CPU.ActiveCfg = Debug|Any CPU
		{C68B41CF-8481-43F3-AAA6-6F8BF335ADF7}.Debug|Any CPU.Build.0 = Debug|Any CPU
		{C68B41CF-8481-43F3-AAA6-6F8BF335ADF7}.Release|Any CPU.ActiveCfg = Release|Any CPU
		{C68B41CF-8481-43F3-AAA6-6F8BF335ADF7}.Release|Any CPU.Build.0 = Release|Any CPU
	EndGlobalSection
	GlobalSection(SolutionProperties) = preSolution
		HideSolutionNode = FALSE
	EndGlobalSection
	GlobalSection(ExtensibilityGlobals) = postSolution
		SolutionGuid = {ADCBD04C-F188-48EC-96B9-137DADD57F89}
	EndGlobalSection
EndGlobal
