
Microsoft Visual Studio Solution File, Format Version 12.00
# Visual Studio Version 16
VisualStudioVersion = 16.0.31515.178
MinimumVisualStudioVersion = 10.0.40219.1
Project("{F184B08F-C81C-45F6-A57F-5ABD9991F28F}") = "ProfDeSTI2D", "ProfDeSTI2D\ProfDeSTI2D.vbproj", "{C68B41CF-8481-43F3-AAA6-6F8BF335ADF7}"
EndProject
Project("{2150E333-8FDC-42A3-9474-1A3956D46DE8}") = "Solution Items", "Solution Items", "{296AEC6F-2FD0-43CC-9645-01A39DBEC57B}"
	ProjectSection(SolutionItems) = preProject
		ReadMe.md = ReadMe.md
	EndProjectSection
EndProject
Project("{2150E333-8FDC-42A3-9474-1A3956D46DE8}") = "Images", "Images", "{C2483F69-F655-4FD3-8493-FAE397A108A8}"
	ProjectSection(SolutionItems) = preProject
		Images\Exemple de TP-2.png = Images\Exemple de TP-2.png
		Images\rubanprof.png = Images\rubanprof.png
	EndProjectSection
EndProject
Project("{2150E333-8FDC-42A3-9474-1A3956D46DE8}") = "Modèle", "Modèle", "{2C8CACBA-060F-450E-9E67-02919185437E}"
	ProjectSection(SolutionItems) = preProject
		..\Installation Globale\Installation Globale\bin\Debug\netcoreapp3.1\STI2D.dotm = ..\Installation Globale\Installation Globale\bin\Debug\netcoreapp3.1\STI2D.dotm
	EndProjectSection
EndProject
Project("{2150E333-8FDC-42A3-9474-1A3956D46DE8}") = "STI2D", "STI2D", "{0E1D2CF6-FA43-4657-91CF-0333E94FE48F}"
	ProjectSection(SolutionItems) = preProject
		..\Installation Globale\Installation Globale\bin\Debug\netcoreapp3.1\STI2D\actions mécaniques.png = ..\Installation Globale\Installation Globale\bin\Debug\netcoreapp3.1\STI2D\actions mécaniques.png
		..\Installation Globale\Installation Globale\bin\Debug\netcoreapp3.1\STI2D\AI2.png = ..\Installation Globale\Installation Globale\bin\Debug\netcoreapp3.1\STI2D\AI2.png
		..\Installation Globale\Installation Globale\bin\Debug\netcoreapp3.1\STI2D\algorigramme.png = ..\Installation Globale\Installation Globale\bin\Debug\netcoreapp3.1\STI2D\algorigramme.png
		..\Installation Globale\Installation Globale\bin\Debug\netcoreapp3.1\STI2D\android-3d.png = ..\Installation Globale\Installation Globale\bin\Debug\netcoreapp3.1\STI2D\android-3d.png
		..\Installation Globale\Installation Globale\bin\Debug\netcoreapp3.1\STI2D\android-bleu.jpg = ..\Installation Globale\Installation Globale\bin\Debug\netcoreapp3.1\STI2D\android-bleu.jpg
		..\Installation Globale\Installation Globale\bin\Debug\netcoreapp3.1\STI2D\Android-bleu.png = ..\Installation Globale\Installation Globale\bin\Debug\netcoreapp3.1\STI2D\Android-bleu.png
		..\Installation Globale\Installation Globale\bin\Debug\netcoreapp3.1\STI2D\android-outils.png = ..\Installation Globale\Installation Globale\bin\Debug\netcoreapp3.1\STI2D\android-outils.png
		..\Installation Globale\Installation Globale\bin\Debug\netcoreapp3.1\STI2D\android-smartphone.png = ..\Installation Globale\Installation Globale\bin\Debug\netcoreapp3.1\STI2D\android-smartphone.png
		..\Installation Globale\Installation Globale\bin\Debug\netcoreapp3.1\STI2D\android.png = ..\Installation Globale\Installation Globale\bin\Debug\netcoreapp3.1\STI2D\android.png
		..\Installation Globale\Installation Globale\bin\Debug\netcoreapp3.1\STI2D\androitoptere.png = ..\Installation Globale\Installation Globale\bin\Debug\netcoreapp3.1\STI2D\androitoptere.png
		..\Installation Globale\Installation Globale\bin\Debug\netcoreapp3.1\STI2D\Andruino.png = ..\Installation Globale\Installation Globale\bin\Debug\netcoreapp3.1\STI2D\Andruino.png
		..\Installation Globale\Installation Globale\bin\Debug\netcoreapp3.1\STI2D\anglais 2.png = ..\Installation Globale\Installation Globale\bin\Debug\netcoreapp3.1\STI2D\anglais 2.png
		..\Installation Globale\Installation Globale\bin\Debug\netcoreapp3.1\STI2D\anglais.png = ..\Installation Globale\Installation Globale\bin\Debug\netcoreapp3.1\STI2D\anglais.png
		..\Installation Globale\Installation Globale\bin\Debug\netcoreapp3.1\STI2D\app-inventor-logo.png = ..\Installation Globale\Installation Globale\bin\Debug\netcoreapp3.1\STI2D\app-inventor-logo.png
		..\Installation Globale\Installation Globale\bin\Debug\netcoreapp3.1\STI2D\app-inventor-nxt.png = ..\Installation Globale\Installation Globale\bin\Debug\netcoreapp3.1\STI2D\app-inventor-nxt.png
		..\Installation Globale\Installation Globale\bin\Debug\netcoreapp3.1\STI2D\Arduino Logo.png = ..\Installation Globale\Installation Globale\bin\Debug\netcoreapp3.1\STI2D\Arduino Logo.png
		..\Installation Globale\Installation Globale\bin\Debug\netcoreapp3.1\STI2D\Arduino-2.png = ..\Installation Globale\Installation Globale\bin\Debug\netcoreapp3.1\STI2D\Arduino-2.png
		..\Installation Globale\Installation Globale\bin\Debug\netcoreapp3.1\STI2D\Arduino.png = ..\Installation Globale\Installation Globale\bin\Debug\netcoreapp3.1\STI2D\Arduino.png
		..\Installation Globale\Installation Globale\bin\Debug\netcoreapp3.1\STI2D\arduinoledpotar.png = ..\Installation Globale\Installation Globale\bin\Debug\netcoreapp3.1\STI2D\arduinoledpotar.png
		..\Installation Globale\Installation Globale\bin\Debug\netcoreapp3.1\STI2D\attention.png = ..\Installation Globale\Installation Globale\bin\Debug\netcoreapp3.1\STI2D\attention.png
		..\Installation Globale\Installation Globale\bin\Debug\netcoreapp3.1\STI2D\Attention2.png = ..\Installation Globale\Installation Globale\bin\Debug\netcoreapp3.1\STI2D\Attention2.png
		..\Installation Globale\Installation Globale\bin\Debug\netcoreapp3.1\STI2D\audacity.png = ..\Installation Globale\Installation Globale\bin\Debug\netcoreapp3.1\STI2D\audacity.png
		..\Installation Globale\Installation Globale\bin\Debug\netcoreapp3.1\STI2D\basic4android.png = ..\Installation Globale\Installation Globale\bin\Debug\netcoreapp3.1\STI2D\basic4android.png
		..\Installation Globale\Installation Globale\bin\Debug\netcoreapp3.1\STI2D\biblio.png = ..\Installation Globale\Installation Globale\bin\Debug\netcoreapp3.1\STI2D\biblio.png
		..\Installation Globale\Installation Globale\bin\Debug\netcoreapp3.1\STI2D\bloc-note.png = ..\Installation Globale\Installation Globale\bin\Debug\netcoreapp3.1\STI2D\bloc-note.png
		..\Installation Globale\Installation Globale\bin\Debug\netcoreapp3.1\STI2D\brainstorming.png = ..\Installation Globale\Installation Globale\bin\Debug\netcoreapp3.1\STI2D\brainstorming.png
		..\Installation Globale\Installation Globale\bin\Debug\netcoreapp3.1\STI2D\CarteElec3D.png = ..\Installation Globale\Installation Globale\bin\Debug\netcoreapp3.1\STI2D\CarteElec3D.png
		..\Installation Globale\Installation Globale\bin\Debug\netcoreapp3.1\STI2D\cartefille.png = ..\Installation Globale\Installation Globale\bin\Debug\netcoreapp3.1\STI2D\cartefille.png
		..\Installation Globale\Installation Globale\bin\Debug\netcoreapp3.1\STI2D\carteinfo.png = ..\Installation Globale\Installation Globale\bin\Debug\netcoreapp3.1\STI2D\carteinfo.png
		..\Installation Globale\Installation Globale\bin\Debug\netcoreapp3.1\STI2D\Casque.gif = ..\Installation Globale\Installation Globale\bin\Debug\netcoreapp3.1\STI2D\Casque.gif
		..\Installation Globale\Installation Globale\bin\Debug\netcoreapp3.1\STI2D\CI.png = ..\Installation Globale\Installation Globale\bin\Debug\netcoreapp3.1\STI2D\CI.png
		..\Installation Globale\Installation Globale\bin\Debug\netcoreapp3.1\STI2D\clef usb.png = ..\Installation Globale\Installation Globale\bin\Debug\netcoreapp3.1\STI2D\clef usb.png
		..\Installation Globale\Installation Globale\bin\Debug\netcoreapp3.1\STI2D\Cryptage.png = ..\Installation Globale\Installation Globale\bin\Debug\netcoreapp3.1\STI2D\Cryptage.png
		..\Installation Globale\Installation Globale\bin\Debug\netcoreapp3.1\STI2D\csharp.png = ..\Installation Globale\Installation Globale\bin\Debug\netcoreapp3.1\STI2D\csharp.png
		..\Installation Globale\Installation Globale\bin\Debug\netcoreapp3.1\STI2D\cube web.png = ..\Installation Globale\Installation Globale\bin\Debug\netcoreapp3.1\STI2D\cube web.png
		..\Installation Globale\Installation Globale\bin\Debug\netcoreapp3.1\STI2D\cycle de vie.png = ..\Installation Globale\Installation Globale\bin\Debug\netcoreapp3.1\STI2D\cycle de vie.png
		..\Installation Globale\Installation Globale\bin\Debug\netcoreapp3.1\STI2D\Dessiner un diagramme sagittal.png = ..\Installation Globale\Installation Globale\bin\Debug\netcoreapp3.1\STI2D\Dessiner un diagramme sagittal.png
		..\Installation Globale\Installation Globale\bin\Debug\netcoreapp3.1\STI2D\DessinTechnique.png = ..\Installation Globale\Installation Globale\bin\Debug\netcoreapp3.1\STI2D\DessinTechnique.png
		..\Installation Globale\Installation Globale\bin\Debug\netcoreapp3.1\STI2D\devoir.png = ..\Installation Globale\Installation Globale\bin\Debug\netcoreapp3.1\STI2D\devoir.png
		..\Installation Globale\Installation Globale\bin\Debug\netcoreapp3.1\STI2D\diagramme.png = ..\Installation Globale\Installation Globale\bin\Debug\netcoreapp3.1\STI2D\diagramme.png
		..\Installation Globale\Installation Globale\bin\Debug\netcoreapp3.1\STI2D\diaporama.png = ..\Installation Globale\Installation Globale\bin\Debug\netcoreapp3.1\STI2D\diaporama.png
		..\Installation Globale\Installation Globale\bin\Debug\netcoreapp3.1\STI2D\dirigeable.png = ..\Installation Globale\Installation Globale\bin\Debug\netcoreapp3.1\STI2D\dirigeable.png
		..\Installation Globale\Installation Globale\bin\Debug\netcoreapp3.1\STI2D\disque dur.gif = ..\Installation Globale\Installation Globale\bin\Debug\netcoreapp3.1\STI2D\disque dur.gif
		..\Installation Globale\Installation Globale\bin\Debug\netcoreapp3.1\STI2D\doc3D.png = ..\Installation Globale\Installation Globale\bin\Debug\netcoreapp3.1\STI2D\doc3D.png
		..\Installation Globale\Installation Globale\bin\Debug\netcoreapp3.1\STI2D\doceleve.png = ..\Installation Globale\Installation Globale\bin\Debug\netcoreapp3.1\STI2D\doceleve.png
		..\Installation Globale\Installation Globale\bin\Debug\netcoreapp3.1\STI2D\drone.png = ..\Installation Globale\Installation Globale\bin\Debug\netcoreapp3.1\STI2D\drone.png
		..\Installation Globale\Installation Globale\bin\Debug\netcoreapp3.1\STI2D\Eclipse.png = ..\Installation Globale\Installation Globale\bin\Debug\netcoreapp3.1\STI2D\Eclipse.png
		..\Installation Globale\Installation Globale\bin\Debug\netcoreapp3.1\STI2D\EclipseArduino.png = ..\Installation Globale\Installation Globale\bin\Debug\netcoreapp3.1\STI2D\EclipseArduino.png
		..\Installation Globale\Installation Globale\bin\Debug\netcoreapp3.1\STI2D\ecran isis.png = ..\Installation Globale\Installation Globale\bin\Debug\netcoreapp3.1\STI2D\ecran isis.png
		..\Installation Globale\Installation Globale\bin\Debug\netcoreapp3.1\STI2D\edit.png = ..\Installation Globale\Installation Globale\bin\Debug\netcoreapp3.1\STI2D\edit.png
		..\Installation Globale\Installation Globale\bin\Debug\netcoreapp3.1\STI2D\empreinte.png = ..\Installation Globale\Installation Globale\bin\Debug\netcoreapp3.1\STI2D\empreinte.png
		..\Installation Globale\Installation Globale\bin\Debug\netcoreapp3.1\STI2D\enceinte.png = ..\Installation Globale\Installation Globale\bin\Debug\netcoreapp3.1\STI2D\enceinte.png
		..\Installation Globale\Installation Globale\bin\Debug\netcoreapp3.1\STI2D\Energie.png = ..\Installation Globale\Installation Globale\bin\Debug\netcoreapp3.1\STI2D\Energie.png
		..\Installation Globale\Installation Globale\bin\Debug\netcoreapp3.1\STI2D\engrenage.png = ..\Installation Globale\Installation Globale\bin\Debug\netcoreapp3.1\STI2D\engrenage.png
		..\Installation Globale\Installation Globale\bin\Debug\netcoreapp3.1\STI2D\Etude de cas.png = ..\Installation Globale\Installation Globale\bin\Debug\netcoreapp3.1\STI2D\Etude de cas.png
		..\Installation Globale\Installation Globale\bin\Debug\netcoreapp3.1\STI2D\fabrication.png = ..\Installation Globale\Installation Globale\bin\Debug\netcoreapp3.1\STI2D\fabrication.png
		..\Installation Globale\Installation Globale\bin\Debug\netcoreapp3.1\STI2D\Flocode.png = ..\Installation Globale\Installation Globale\bin\Debug\netcoreapp3.1\STI2D\Flocode.png
		..\Installation Globale\Installation Globale\bin\Debug\netcoreapp3.1\STI2D\folder_doc.png = ..\Installation Globale\Installation Globale\bin\Debug\netcoreapp3.1\STI2D\folder_doc.png
		..\Installation Globale\Installation Globale\bin\Debug\netcoreapp3.1\STI2D\freemind.jpg = ..\Installation Globale\Installation Globale\bin\Debug\netcoreapp3.1\STI2D\freemind.jpg
		..\Installation Globale\Installation Globale\bin\Debug\netcoreapp3.1\STI2D\HP.png = ..\Installation Globale\Installation Globale\bin\Debug\netcoreapp3.1\STI2D\HP.png
		..\Installation Globale\Installation Globale\bin\Debug\netcoreapp3.1\STI2D\ImageRepère14Aout.png = ..\Installation Globale\Installation Globale\bin\Debug\netcoreapp3.1\STI2D\ImageRepère14Aout.png
		..\Installation Globale\Installation Globale\bin\Debug\netcoreapp3.1\STI2D\isis-boite.png = ..\Installation Globale\Installation Globale\bin\Debug\netcoreapp3.1\STI2D\isis-boite.png
		..\Installation Globale\Installation Globale\bin\Debug\netcoreapp3.1\STI2D\isis-ecran.png = ..\Installation Globale\Installation Globale\bin\Debug\netcoreapp3.1\STI2D\isis-ecran.png
		..\Installation Globale\Installation Globale\bin\Debug\netcoreapp3.1\STI2D\Joomla.png = ..\Installation Globale\Installation Globale\bin\Debug\netcoreapp3.1\STI2D\Joomla.png
		..\Installation Globale\Installation Globale\bin\Debug\netcoreapp3.1\STI2D\kcalc.png = ..\Installation Globale\Installation Globale\bin\Debug\netcoreapp3.1\STI2D\kcalc.png
		..\Installation Globale\Installation Globale\bin\Debug\netcoreapp3.1\STI2D\Lego.png = ..\Installation Globale\Installation Globale\bin\Debug\netcoreapp3.1\STI2D\Lego.png
		..\Installation Globale\Installation Globale\bin\Debug\netcoreapp3.1\STI2D\Linux.png = ..\Installation Globale\Installation Globale\bin\Debug\netcoreapp3.1\STI2D\Linux.png
		..\Installation Globale\Installation Globale\bin\Debug\netcoreapp3.1\STI2D\Logo 2I2D.png = ..\Installation Globale\Installation Globale\bin\Debug\netcoreapp3.1\STI2D\Logo 2I2D.png
		..\Installation Globale\Installation Globale\bin\Debug\netcoreapp3.1\STI2D\Logo I2D.png = ..\Installation Globale\Installation Globale\bin\Debug\netcoreapp3.1\STI2D\Logo I2D.png
		..\Installation Globale\Installation Globale\bin\Debug\netcoreapp3.1\STI2D\Logo IT.png = ..\Installation Globale\Installation Globale\bin\Debug\netcoreapp3.1\STI2D\Logo IT.png
		..\Installation Globale\Installation Globale\bin\Debug\netcoreapp3.1\STI2D\logo rearth pedro.png = ..\Installation Globale\Installation Globale\bin\Debug\netcoreapp3.1\STI2D\logo rearth pedro.png
		..\Installation Globale\Installation Globale\bin\Debug\netcoreapp3.1\STI2D\logosti2d256.png = ..\Installation Globale\Installation Globale\bin\Debug\netcoreapp3.1\STI2D\logosti2d256.png
		..\Installation Globale\Installation Globale\bin\Debug\netcoreapp3.1\STI2D\Maison intelligente.gif = ..\Installation Globale\Installation Globale\bin\Debug\netcoreapp3.1\STI2D\Maison intelligente.gif
		..\Installation Globale\Installation Globale\bin\Debug\netcoreapp3.1\STI2D\maison.gif = ..\Installation Globale\Installation Globale\bin\Debug\netcoreapp3.1\STI2D\maison.gif
		..\Installation Globale\Installation Globale\bin\Debug\netcoreapp3.1\STI2D\marche.png = ..\Installation Globale\Installation Globale\bin\Debug\netcoreapp3.1\STI2D\marche.png
		..\Installation Globale\Installation Globale\bin\Debug\netcoreapp3.1\STI2D\MEI.png = ..\Installation Globale\Installation Globale\bin\Debug\netcoreapp3.1\STI2D\MEI.png
		..\Installation Globale\Installation Globale\bin\Debug\netcoreapp3.1\STI2D\mesure info.png = ..\Installation Globale\Installation Globale\bin\Debug\netcoreapp3.1\STI2D\mesure info.png
		..\Installation Globale\Installation Globale\bin\Debug\netcoreapp3.1\STI2D\micro.png = ..\Installation Globale\Installation Globale\bin\Debug\netcoreapp3.1\STI2D\micro.png
		..\Installation Globale\Installation Globale\bin\Debug\netcoreapp3.1\STI2D\microchip.png = ..\Installation Globale\Installation Globale\bin\Debug\netcoreapp3.1\STI2D\microchip.png
		..\Installation Globale\Installation Globale\bin\Debug\netcoreapp3.1\STI2D\nxt.png = ..\Installation Globale\Installation Globale\bin\Debug\netcoreapp3.1\STI2D\nxt.png
		..\Installation Globale\Installation Globale\bin\Debug\netcoreapp3.1\STI2D\NXT2.png = ..\Installation Globale\Installation Globale\bin\Debug\netcoreapp3.1\STI2D\NXT2.png
		..\Installation Globale\Installation Globale\bin\Debug\netcoreapp3.1\STI2D\nxt3.png = ..\Installation Globale\Installation Globale\bin\Debug\netcoreapp3.1\STI2D\nxt3.png
		..\Installation Globale\Installation Globale\bin\Debug\netcoreapp3.1\STI2D\offline.png = ..\Installation Globale\Installation Globale\bin\Debug\netcoreapp3.1\STI2D\offline.png
		..\Installation Globale\Installation Globale\bin\Debug\netcoreapp3.1\STI2D\pcduino.png = ..\Installation Globale\Installation Globale\bin\Debug\netcoreapp3.1\STI2D\pcduino.png
		..\Installation Globale\Installation Globale\bin\Debug\netcoreapp3.1\STI2D\personal.png = ..\Installation Globale\Installation Globale\bin\Debug\netcoreapp3.1\STI2D\personal.png
		..\Installation Globale\Installation Globale\bin\Debug\netcoreapp3.1\STI2D\pitou.png = ..\Installation Globale\Installation Globale\bin\Debug\netcoreapp3.1\STI2D\pitou.png
		..\Installation Globale\Installation Globale\bin\Debug\netcoreapp3.1\STI2D\poste de mesure.png = ..\Installation Globale\Installation Globale\bin\Debug\netcoreapp3.1\STI2D\poste de mesure.png
		..\Installation Globale\Installation Globale\bin\Debug\netcoreapp3.1\STI2D\Processing.png = ..\Installation Globale\Installation Globale\bin\Debug\netcoreapp3.1\STI2D\Processing.png
		..\Installation Globale\Installation Globale\bin\Debug\netcoreapp3.1\STI2D\programmation.png = ..\Installation Globale\Installation Globale\bin\Debug\netcoreapp3.1\STI2D\programmation.png
		..\Installation Globale\Installation Globale\bin\Debug\netcoreapp3.1\STI2D\Python.svg = ..\Installation Globale\Installation Globale\bin\Debug\netcoreapp3.1\STI2D\Python.svg
		..\Installation Globale\Installation Globale\bin\Debug\netcoreapp3.1\STI2D\Raspberry.png = ..\Installation Globale\Installation Globale\bin\Debug\netcoreapp3.1\STI2D\Raspberry.png
		..\Installation Globale\Installation Globale\bin\Debug\netcoreapp3.1\STI2D\reseau.png = ..\Installation Globale\Installation Globale\bin\Debug\netcoreapp3.1\STI2D\reseau.png
		..\Installation Globale\Installation Globale\bin\Debug\netcoreapp3.1\STI2D\reseau_prise.gif = ..\Installation Globale\Installation Globale\bin\Debug\netcoreapp3.1\STI2D\reseau_prise.gif
		..\Installation Globale\Installation Globale\bin\Debug\netcoreapp3.1\STI2D\reseau_terre.jpg = ..\Installation Globale\Installation Globale\bin\Debug\netcoreapp3.1\STI2D\reseau_terre.jpg
		..\Installation Globale\Installation Globale\bin\Debug\netcoreapp3.1\STI2D\reseau_terre2.png = ..\Installation Globale\Installation Globale\bin\Debug\netcoreapp3.1\STI2D\reseau_terre2.png
		..\Installation Globale\Installation Globale\bin\Debug\netcoreapp3.1\STI2D\reseau_terre3.png = ..\Installation Globale\Installation Globale\bin\Debug\netcoreapp3.1\STI2D\reseau_terre3.png
		..\Installation Globale\Installation Globale\bin\Debug\netcoreapp3.1\STI2D\reseau_terre4.png = ..\Installation Globale\Installation Globale\bin\Debug\netcoreapp3.1\STI2D\reseau_terre4.png
		..\Installation Globale\Installation Globale\bin\Debug\netcoreapp3.1\STI2D\reseau_terre5.png = ..\Installation Globale\Installation Globale\bin\Debug\netcoreapp3.1\STI2D\reseau_terre5.png
		..\Installation Globale\Installation Globale\bin\Debug\netcoreapp3.1\STI2D\ressource.gif = ..\Installation Globale\Installation Globale\bin\Debug\netcoreapp3.1\STI2D\ressource.gif
		..\Installation Globale\Installation Globale\bin\Debug\netcoreapp3.1\STI2D\Roomba560.gif = ..\Installation Globale\Installation Globale\bin\Debug\netcoreapp3.1\STI2D\Roomba560.gif
		..\Installation Globale\Installation Globale\bin\Debug\netcoreapp3.1\STI2D\Routage.png = ..\Installation Globale\Installation Globale\bin\Debug\netcoreapp3.1\STI2D\Routage.png
		..\Installation Globale\Installation Globale\bin\Debug\netcoreapp3.1\STI2D\schema.png = ..\Installation Globale\Installation Globale\bin\Debug\netcoreapp3.1\STI2D\schema.png
		..\Installation Globale\Installation Globale\bin\Debug\netcoreapp3.1\STI2D\Scratch.png = ..\Installation Globale\Installation Globale\bin\Debug\netcoreapp3.1\STI2D\Scratch.png
		..\Installation Globale\Installation Globale\bin\Debug\netcoreapp3.1\STI2D\Simulation.PNG = ..\Installation Globale\Installation Globale\bin\Debug\netcoreapp3.1\STI2D\Simulation.PNG
		..\Installation Globale\Installation Globale\bin\Debug\netcoreapp3.1\STI2D\Simulation2.PNG = ..\Installation Globale\Installation Globale\bin\Debug\netcoreapp3.1\STI2D\Simulation2.PNG
		..\Installation Globale\Installation Globale\bin\Debug\netcoreapp3.1\STI2D\solidworks.png = ..\Installation Globale\Installation Globale\bin\Debug\netcoreapp3.1\STI2D\solidworks.png
		..\Installation Globale\Installation Globale\bin\Debug\netcoreapp3.1\STI2D\STI2D.chm = ..\Installation Globale\Installation Globale\bin\Debug\netcoreapp3.1\STI2D\STI2D.chm
		..\Installation Globale\Installation Globale\bin\Debug\netcoreapp3.1\STI2D\STI2D.mp4 = ..\Installation Globale\Installation Globale\bin\Debug\netcoreapp3.1\STI2D\STI2D.mp4
		..\Installation Globale\Installation Globale\bin\Debug\netcoreapp3.1\STI2D\STI2D.pdf = ..\Installation Globale\Installation Globale\bin\Debug\netcoreapp3.1\STI2D\STI2D.pdf
		..\Installation Globale\Installation Globale\bin\Debug\netcoreapp3.1\STI2D\STI2D.png = ..\Installation Globale\Installation Globale\bin\Debug\netcoreapp3.1\STI2D\STI2D.png
		..\Installation Globale\Installation Globale\bin\Debug\netcoreapp3.1\STI2D\sysml.png = ..\Installation Globale\Installation Globale\bin\Debug\netcoreapp3.1\STI2D\sysml.png
		..\Installation Globale\Installation Globale\bin\Debug\netcoreapp3.1\STI2D\TabletteH.png = ..\Installation Globale\Installation Globale\bin\Debug\netcoreapp3.1\STI2D\TabletteH.png
		..\Installation Globale\Installation Globale\bin\Debug\netcoreapp3.1\STI2D\TabletteV.png = ..\Installation Globale\Installation Globale\bin\Debug\netcoreapp3.1\STI2D\TabletteV.png
		..\Installation Globale\Installation Globale\bin\Debug\netcoreapp3.1\STI2D\TBI.png = ..\Installation Globale\Installation Globale\bin\Debug\netcoreapp3.1\STI2D\TBI.png
		..\Installation Globale\Installation Globale\bin\Debug\netcoreapp3.1\STI2D\TD.png = ..\Installation Globale\Installation Globale\bin\Debug\netcoreapp3.1\STI2D\TD.png
		..\Installation Globale\Installation Globale\bin\Debug\netcoreapp3.1\STI2D\typon.png = ..\Installation Globale\Installation Globale\bin\Debug\netcoreapp3.1\STI2D\typon.png
		..\Installation Globale\Installation Globale\bin\Debug\netcoreapp3.1\STI2D\UML.png = ..\Installation Globale\Installation Globale\bin\Debug\netcoreapp3.1\STI2D\UML.png
		..\Installation Globale\Installation Globale\bin\Debug\netcoreapp3.1\STI2D\unity-VS.png = ..\Installation Globale\Installation Globale\bin\Debug\netcoreapp3.1\STI2D\unity-VS.png
		..\Installation Globale\Installation Globale\bin\Debug\netcoreapp3.1\STI2D\Visual_Studio_Code_icon.svg = ..\Installation Globale\Installation Globale\bin\Debug\netcoreapp3.1\STI2D\Visual_Studio_Code_icon.svg
		..\Installation Globale\Installation Globale\bin\Debug\netcoreapp3.1\STI2D\visualStudio.png = ..\Installation Globale\Installation Globale\bin\Debug\netcoreapp3.1\STI2D\visualStudio.png
		..\Installation Globale\Installation Globale\bin\Debug\netcoreapp3.1\STI2D\wifi.png = ..\Installation Globale\Installation Globale\bin\Debug\netcoreapp3.1\STI2D\wifi.png
	EndProjectSection
EndProject
Project("{2150E333-8FDC-42A3-9474-1A3956D46DE8}") = "Logo", "Logo", "{972B6ACC-AEBB-4244-B1D4-B3E38B3A2EB7}"
	ProjectSection(SolutionItems) = preProject
		..\Installation Globale\Installation Globale\bin\Debug\netcoreapp3.1\STI2D\Logo\Logo - 2I2D.png = ..\Installation Globale\Installation Globale\bin\Debug\netcoreapp3.1\STI2D\Logo\Logo - 2I2D.png
		..\Installation Globale\Installation Globale\bin\Debug\netcoreapp3.1\STI2D\Logo\Logo - AC.png = ..\Installation Globale\Installation Globale\bin\Debug\netcoreapp3.1\STI2D\Logo\Logo - AC.png
		..\Installation Globale\Installation Globale\bin\Debug\netcoreapp3.1\STI2D\Logo\Logo - EE.png = ..\Installation Globale\Installation Globale\bin\Debug\netcoreapp3.1\STI2D\Logo\Logo - EE.png
		..\Installation Globale\Installation Globale\bin\Debug\netcoreapp3.1\STI2D\Logo\Logo - I2D.png = ..\Installation Globale\Installation Globale\bin\Debug\netcoreapp3.1\STI2D\Logo\Logo - I2D.png
		..\Installation Globale\Installation Globale\bin\Debug\netcoreapp3.1\STI2D\Logo\Logo - IT.png = ..\Installation Globale\Installation Globale\bin\Debug\netcoreapp3.1\STI2D\Logo\Logo - IT.png
		..\Installation Globale\Installation Globale\bin\Debug\netcoreapp3.1\STI2D\Logo\Logo - ITEC.png = ..\Installation Globale\Installation Globale\bin\Debug\netcoreapp3.1\STI2D\Logo\Logo - ITEC.png
		..\Installation Globale\Installation Globale\bin\Debug\netcoreapp3.1\STI2D\Logo\Logo - Lycée.png = ..\Installation Globale\Installation Globale\bin\Debug\netcoreapp3.1\STI2D\Logo\Logo - Lycée.png
		..\Installation Globale\Installation Globale\bin\Debug\netcoreapp3.1\STI2D\Logo\Logo - SIN.png = ..\Installation Globale\Installation Globale\bin\Debug\netcoreapp3.1\STI2D\Logo\Logo - SIN.png
		..\Installation Globale\Installation Globale\bin\Debug\netcoreapp3.1\STI2D\Logo\Logo.TXT = ..\Installation Globale\Installation Globale\bin\Debug\netcoreapp3.1\STI2D\Logo\Logo.TXT
	EndProjectSection
EndProject
Global
	GlobalSection(SolutionConfigurationPlatforms) = preSolution
		Debug|Any CPU = Debug|Any CPU
		Release|Any CPU = Release|Any CPU
	EndGlobalSection
	GlobalSection(ProjectConfigurationPlatforms) = postSolution
		{C68B41CF-8481-43F3-AAA6-6F8BF335ADF7}.Debug|Any CPU.ActiveCfg = Debug|Any CPU
		{C68B41CF-8481-43F3-AAA6-6F8BF335ADF7}.Debug|Any CPU.Build.0 = Debug|Any CPU
		{C68B41CF-8481-43F3-AAA6-6F8BF335ADF7}.Release|Any CPU.ActiveCfg = Release|Any CPU
		{C68B41CF-8481-43F3-AAA6-6F8BF335ADF7}.Release|Any CPU.Build.0 = Release|Any CPU
	EndGlobalSection
	GlobalSection(SolutionProperties) = preSolution
		HideSolutionNode = FALSE
	EndGlobalSection
	GlobalSection(NestedProjects) = preSolution
		{C2483F69-F655-4FD3-8493-FAE397A108A8} = {296AEC6F-2FD0-43CC-9645-01A39DBEC57B}
		{2C8CACBA-060F-450E-9E67-02919185437E} = {296AEC6F-2FD0-43CC-9645-01A39DBEC57B}
		{0E1D2CF6-FA43-4657-91CF-0333E94FE48F} = {2C8CACBA-060F-450E-9E67-02919185437E}
		{972B6ACC-AEBB-4244-B1D4-B3E38B3A2EB7} = {0E1D2CF6-FA43-4657-91CF-0333E94FE48F}
	EndGlobalSection
	GlobalSection(ExtensibilityGlobals) = postSolution
		SolutionGuid = {ADCBD04C-F188-48EC-96B9-137DADD57F89}
	EndGlobalSection
EndGlobal
