
Microsoft Visual Studio Solution File, Format Version 12.00
# Visual Studio Version 16
VisualStudioVersion = 16.0.31515.178
MinimumVisualStudioVersion = 10.0.40219.1
Project("{F184B08F-C81C-45F6-A57F-5ABD9991F28F}") = "ProfDeSTI2D", "ProfDeSTI2D\ProfDeSTI2D.vbproj", "{C68B41CF-8481-43F3-AAA6-6F8BF335ADF7}"
EndProject
Project("{2150E333-8FDC-42A3-9474-1A3956D46DE8}") = "Solution Items", "Solution Items", "{296AEC6F-2FD0-43CC-9645-01A39DBEC57B}"
	ProjectSection(SolutionItems) = preProject
		ReadMe.md = ReadMe.md
	EndProjectSection
EndProject
Project("{2150E333-8FDC-42A3-9474-1A3956D46DE8}") = "Images", "Images", "{C2483F69-F655-4FD3-8493-FAE397A108A8}"
	ProjectSection(SolutionItems) = preProject
		Images\Exemple de TP-2.png = Images\Exemple de TP-2.png
		Images\rubanprof.png = Images\rubanprof.png
	EndProjectSection
EndProject
Project("{2150E333-8FDC-42A3-9474-1A3956D46DE8}") = "Modèle", "Modèle", "{B751FC1F-B1C9-4C31-91FC-EF084EB0D682}"
	ProjectSection(SolutionItems) = preProject
		Modèle\STI2D.dotm = Modèle\STI2D.dotm
	EndProjectSection
EndProject
Project("{2150E333-8FDC-42A3-9474-1A3956D46DE8}") = "STI2D", "STI2D", "{7A616C34-6548-4BFF-B246-0FB03C0C3F0D}"
	ProjectSection(SolutionItems) = preProject
		Modèle\STI2D\actions mécaniques.png = Modèle\STI2D\actions mécaniques.png
		Modèle\STI2D\AI2.png = Modèle\STI2D\AI2.png
		Modèle\STI2D\algorigramme.png = Modèle\STI2D\algorigramme.png
		Modèle\STI2D\android-3d.png = Modèle\STI2D\android-3d.png
		Modèle\STI2D\android-bleu.jpg = Modèle\STI2D\android-bleu.jpg
		Modèle\STI2D\Android-bleu.png = Modèle\STI2D\Android-bleu.png
		Modèle\STI2D\android-outils.png = Modèle\STI2D\android-outils.png
		Modèle\STI2D\android-smartphone.png = Modèle\STI2D\android-smartphone.png
		Modèle\STI2D\android.png = Modèle\STI2D\android.png
		Modèle\STI2D\androitoptere.png = Modèle\STI2D\androitoptere.png
		Modèle\STI2D\Andruino.png = Modèle\STI2D\Andruino.png
		Modèle\STI2D\anglais 2.png = Modèle\STI2D\anglais 2.png
		Modèle\STI2D\anglais.png = Modèle\STI2D\anglais.png
		Modèle\STI2D\app-inventor-logo.png = Modèle\STI2D\app-inventor-logo.png
		Modèle\STI2D\app-inventor-nxt.png = Modèle\STI2D\app-inventor-nxt.png
		Modèle\STI2D\Arduino Logo.png = Modèle\STI2D\Arduino Logo.png
		Modèle\STI2D\Arduino-2.png = Modèle\STI2D\Arduino-2.png
		Modèle\STI2D\Arduino.png = Modèle\STI2D\Arduino.png
		Modèle\STI2D\arduinoledpotar.png = Modèle\STI2D\arduinoledpotar.png
		Modèle\STI2D\attention.png = Modèle\STI2D\attention.png
		Modèle\STI2D\Attention2.png = Modèle\STI2D\Attention2.png
		Modèle\STI2D\audacity.png = Modèle\STI2D\audacity.png
		Modèle\STI2D\basic4android.png = Modèle\STI2D\basic4android.png
		Modèle\STI2D\biblio.png = Modèle\STI2D\biblio.png
		Modèle\STI2D\bloc-note.png = Modèle\STI2D\bloc-note.png
		Modèle\STI2D\brainstorming.png = Modèle\STI2D\brainstorming.png
		Modèle\STI2D\CarteElec3D.png = Modèle\STI2D\CarteElec3D.png
		Modèle\STI2D\cartefille.png = Modèle\STI2D\cartefille.png
		Modèle\STI2D\carteinfo.png = Modèle\STI2D\carteinfo.png
		Modèle\STI2D\Casque.gif = Modèle\STI2D\Casque.gif
		Modèle\STI2D\CI.png = Modèle\STI2D\CI.png
		Modèle\STI2D\clef usb.png = Modèle\STI2D\clef usb.png
		Modèle\STI2D\Cryptage.png = Modèle\STI2D\Cryptage.png
		Modèle\STI2D\csharp.png = Modèle\STI2D\csharp.png
		Modèle\STI2D\cube web.png = Modèle\STI2D\cube web.png
		Modèle\STI2D\cycle de vie.png = Modèle\STI2D\cycle de vie.png
		Modèle\STI2D\Dessiner un diagramme sagittal.png = Modèle\STI2D\Dessiner un diagramme sagittal.png
		Modèle\STI2D\DessinTechnique.png = Modèle\STI2D\DessinTechnique.png
		Modèle\STI2D\devoir.png = Modèle\STI2D\devoir.png
		Modèle\STI2D\diagramme.png = Modèle\STI2D\diagramme.png
		Modèle\STI2D\diaporama.png = Modèle\STI2D\diaporama.png
		Modèle\STI2D\dirigeable.png = Modèle\STI2D\dirigeable.png
		Modèle\STI2D\disque dur.gif = Modèle\STI2D\disque dur.gif
		Modèle\STI2D\doc3D.png = Modèle\STI2D\doc3D.png
		Modèle\STI2D\doceleve.png = Modèle\STI2D\doceleve.png
		Modèle\STI2D\drone.png = Modèle\STI2D\drone.png
		Modèle\STI2D\Eclipse.png = Modèle\STI2D\Eclipse.png
		Modèle\STI2D\EclipseArduino.png = Modèle\STI2D\EclipseArduino.png
		Modèle\STI2D\ecran isis.png = Modèle\STI2D\ecran isis.png
		Modèle\STI2D\edit.png = Modèle\STI2D\edit.png
		Modèle\STI2D\empreinte.png = Modèle\STI2D\empreinte.png
		Modèle\STI2D\enceinte.png = Modèle\STI2D\enceinte.png
		Modèle\STI2D\Energie.png = Modèle\STI2D\Energie.png
		Modèle\STI2D\engrenage.png = Modèle\STI2D\engrenage.png
		Modèle\STI2D\Etude de cas.png = Modèle\STI2D\Etude de cas.png
		Modèle\STI2D\fabrication.png = Modèle\STI2D\fabrication.png
		Modèle\STI2D\Flocode.png = Modèle\STI2D\Flocode.png
		Modèle\STI2D\folder_doc.png = Modèle\STI2D\folder_doc.png
		Modèle\STI2D\freemind.jpg = Modèle\STI2D\freemind.jpg
		Modèle\STI2D\HP.png = Modèle\STI2D\HP.png
		Modèle\STI2D\ImageRepère14Aout.png = Modèle\STI2D\ImageRepère14Aout.png
		Modèle\STI2D\isis-boite.png = Modèle\STI2D\isis-boite.png
		Modèle\STI2D\isis-ecran.png = Modèle\STI2D\isis-ecran.png
		Modèle\STI2D\Joomla.png = Modèle\STI2D\Joomla.png
		Modèle\STI2D\kcalc.png = Modèle\STI2D\kcalc.png
		Modèle\STI2D\Lego.png = Modèle\STI2D\Lego.png
		Modèle\STI2D\Linux.png = Modèle\STI2D\Linux.png
		Modèle\STI2D\Logo 2I2D.png = Modèle\STI2D\Logo 2I2D.png
		Modèle\STI2D\Logo I2D.png = Modèle\STI2D\Logo I2D.png
		Modèle\STI2D\Logo IT.png = Modèle\STI2D\Logo IT.png
		Modèle\STI2D\logo rearth pedro.png = Modèle\STI2D\logo rearth pedro.png
		Modèle\STI2D\logosti2d256.png = Modèle\STI2D\logosti2d256.png
		Modèle\STI2D\Maison intelligente.gif = Modèle\STI2D\Maison intelligente.gif
		Modèle\STI2D\maison.gif = Modèle\STI2D\maison.gif
		Modèle\STI2D\marche.png = Modèle\STI2D\marche.png
		Modèle\STI2D\MEI.png = Modèle\STI2D\MEI.png
		Modèle\STI2D\mesure info.png = Modèle\STI2D\mesure info.png
		Modèle\STI2D\micro.png = Modèle\STI2D\micro.png
		Modèle\STI2D\microchip.png = Modèle\STI2D\microchip.png
		Modèle\STI2D\nxt.png = Modèle\STI2D\nxt.png
		Modèle\STI2D\NXT2.png = Modèle\STI2D\NXT2.png
		Modèle\STI2D\nxt3.png = Modèle\STI2D\nxt3.png
		Modèle\STI2D\offline.png = Modèle\STI2D\offline.png
		Modèle\STI2D\pcduino.png = Modèle\STI2D\pcduino.png
		Modèle\STI2D\personal.png = Modèle\STI2D\personal.png
		Modèle\STI2D\pitou.png = Modèle\STI2D\pitou.png
		Modèle\STI2D\poste de mesure.png = Modèle\STI2D\poste de mesure.png
		Modèle\STI2D\Processing.png = Modèle\STI2D\Processing.png
		Modèle\STI2D\programmation.png = Modèle\STI2D\programmation.png
		Modèle\STI2D\Python.svg = Modèle\STI2D\Python.svg
		Modèle\STI2D\Raspberry.png = Modèle\STI2D\Raspberry.png
		Modèle\STI2D\reseau.png = Modèle\STI2D\reseau.png
		Modèle\STI2D\reseau_prise.gif = Modèle\STI2D\reseau_prise.gif
		Modèle\STI2D\reseau_terre.jpg = Modèle\STI2D\reseau_terre.jpg
		Modèle\STI2D\reseau_terre2.png = Modèle\STI2D\reseau_terre2.png
		Modèle\STI2D\reseau_terre3.png = Modèle\STI2D\reseau_terre3.png
		Modèle\STI2D\reseau_terre4.png = Modèle\STI2D\reseau_terre4.png
		Modèle\STI2D\reseau_terre5.png = Modèle\STI2D\reseau_terre5.png
		Modèle\STI2D\ressource.gif = Modèle\STI2D\ressource.gif
		Modèle\STI2D\Roomba560.gif = Modèle\STI2D\Roomba560.gif
		Modèle\STI2D\Routage.png = Modèle\STI2D\Routage.png
		Modèle\STI2D\schema.png = Modèle\STI2D\schema.png
		Modèle\STI2D\Scratch.png = Modèle\STI2D\Scratch.png
		Modèle\STI2D\Simulation.PNG = Modèle\STI2D\Simulation.PNG
		Modèle\STI2D\Simulation2.PNG = Modèle\STI2D\Simulation2.PNG
		Modèle\STI2D\solidworks.png = Modèle\STI2D\solidworks.png
		Modèle\STI2D\STI2D.chm = Modèle\STI2D\STI2D.chm
		Modèle\STI2D\STI2D.mp4 = Modèle\STI2D\STI2D.mp4
		Modèle\STI2D\STI2D.pdf = Modèle\STI2D\STI2D.pdf
		Modèle\STI2D\STI2D.png = Modèle\STI2D\STI2D.png
		Modèle\STI2D\sysml.png = Modèle\STI2D\sysml.png
		Modèle\STI2D\TabletteH.png = Modèle\STI2D\TabletteH.png
		Modèle\STI2D\TabletteV.png = Modèle\STI2D\TabletteV.png
		Modèle\STI2D\TBI.png = Modèle\STI2D\TBI.png
		Modèle\STI2D\TD.png = Modèle\STI2D\TD.png
		Modèle\STI2D\typon.png = Modèle\STI2D\typon.png
		Modèle\STI2D\UML.png = Modèle\STI2D\UML.png
		Modèle\STI2D\unity-VS.png = Modèle\STI2D\unity-VS.png
		Modèle\STI2D\Visual_Studio_Code_icon.svg = Modèle\STI2D\Visual_Studio_Code_icon.svg
		Modèle\STI2D\visualStudio.png = Modèle\STI2D\visualStudio.png
		Modèle\STI2D\wifi.png = Modèle\STI2D\wifi.png
	EndProjectSection
EndProject
Project("{2150E333-8FDC-42A3-9474-1A3956D46DE8}") = "Logo", "Logo", "{944ABD11-86CA-489F-8592-36A2C2F2B86C}"
	ProjectSection(SolutionItems) = preProject
		Modèle\STI2D\Logo\Logo - 2I2D.png = Modèle\STI2D\Logo\Logo - 2I2D.png
		Modèle\STI2D\Logo\Logo - AC.png = Modèle\STI2D\Logo\Logo - AC.png
		Modèle\STI2D\Logo\Logo - EE.png = Modèle\STI2D\Logo\Logo - EE.png
		Modèle\STI2D\Logo\Logo - I2D.png = Modèle\STI2D\Logo\Logo - I2D.png
		Modèle\STI2D\Logo\Logo - IT.png = Modèle\STI2D\Logo\Logo - IT.png
		Modèle\STI2D\Logo\Logo - ITEC.png = Modèle\STI2D\Logo\Logo - ITEC.png
		Modèle\STI2D\Logo\Logo - Lycée.png = Modèle\STI2D\Logo\Logo - Lycée.png
		Modèle\STI2D\Logo\Logo - SIN.png = Modèle\STI2D\Logo\Logo - SIN.png
		Modèle\STI2D\Logo\Logo.TXT = Modèle\STI2D\Logo\Logo.TXT
	EndProjectSection
EndProject
Global
	GlobalSection(SolutionConfigurationPlatforms) = preSolution
		Debug|Any CPU = Debug|Any CPU
		Release|Any CPU = Release|Any CPU
	EndGlobalSection
	GlobalSection(ProjectConfigurationPlatforms) = postSolution
		{C68B41CF-8481-43F3-AAA6-6F8BF335ADF7}.Debug|Any CPU.ActiveCfg = Debug|Any CPU
		{C68B41CF-8481-43F3-AAA6-6F8BF335ADF7}.Debug|Any CPU.Build.0 = Debug|Any CPU
		{C68B41CF-8481-43F3-AAA6-6F8BF335ADF7}.Release|Any CPU.ActiveCfg = Release|Any CPU
		{C68B41CF-8481-43F3-AAA6-6F8BF335ADF7}.Release|Any CPU.Build.0 = Release|Any CPU
	EndGlobalSection
	GlobalSection(SolutionProperties) = preSolution
		HideSolutionNode = FALSE
	EndGlobalSection
	GlobalSection(NestedProjects) = preSolution
		{C2483F69-F655-4FD3-8493-FAE397A108A8} = {296AEC6F-2FD0-43CC-9645-01A39DBEC57B}
		{B751FC1F-B1C9-4C31-91FC-EF084EB0D682} = {296AEC6F-2FD0-43CC-9645-01A39DBEC57B}
		{7A616C34-6548-4BFF-B246-0FB03C0C3F0D} = {B751FC1F-B1C9-4C31-91FC-EF084EB0D682}
		{944ABD11-86CA-489F-8592-36A2C2F2B86C} = {7A616C34-6548-4BFF-B246-0FB03C0C3F0D}
	EndGlobalSection
	GlobalSection(ExtensibilityGlobals) = postSolution
		SolutionGuid = {ADCBD04C-F188-48EC-96B9-137DADD57F89}
	EndGlobalSection
EndGlobal
